// !$*UTF8*$!
{
	archiveVersion = 1;
	classes = {
	};
	objectVersion = 51;
	objects = {

/* Begin PBXBuildFile section */
		832EB0D4254753C60042A29E /* AppDelegate.swift in Sources */ = {isa = PBXBuildFile; fileRef = 832EB0D3254753C60042A29E /* AppDelegate.swift */; };
		832EB0D8254753C60042A29E /* MainViewController.swift in Sources */ = {isa = PBXBuildFile; fileRef = 832EB0D7254753C60042A29E /* MainViewController.swift */; };
		832EB0DB254753C60042A29E /* MainViewController.storyboard in Resources */ = {isa = PBXBuildFile; fileRef = 832EB0D9254753C60042A29E /* MainViewController.storyboard */; };
		832EB0DD254753C80042A29E /* Assets.xcassets in Resources */ = {isa = PBXBuildFile; fileRef = 832EB0DC254753C80042A29E /* Assets.xcassets */; };
		832EB0E0254753C80042A29E /* LaunchScreen.storyboard in Resources */ = {isa = PBXBuildFile; fileRef = 832EB0DE254753C80042A29E /* LaunchScreen.storyboard */; };
		832EB0EB254764E10042A29E /* TableViewCell.xib in Resources */ = {isa = PBXBuildFile; fileRef = 832EB0EA254764E10042A29E /* TableViewCell.xib */; };
		832EB0EF254796830042A29E /* TableViewCell.swift in Sources */ = {isa = PBXBuildFile; fileRef = 832EB0EE254796830042A29E /* TableViewCell.swift */; };
		83654753254A66A300DF4DB0 /* DetailsViewController.swift in Sources */ = {isa = PBXBuildFile; fileRef = 83654752254A66A300DF4DB0 /* DetailsViewController.swift */; };
		83654756254A670700DF4DB0 /* DetailsViewController.storyboard in Resources */ = {isa = PBXBuildFile; fileRef = 83654755254A670700DF4DB0 /* DetailsViewController.storyboard */; };
		83654759254A68E800DF4DB0 /* TopBar.xib in Resources */ = {isa = PBXBuildFile; fileRef = 83654758254A68E800DF4DB0 /* TopBar.xib */; };
		8365475C254A68F800DF4DB0 /* TopBar.swift in Sources */ = {isa = PBXBuildFile; fileRef = 8365475B254A68F800DF4DB0 /* TopBar.swift */; };
		839FAA3925489E4500D7E64A /* R.generated.swift in Sources */ = {isa = PBXBuildFile; fileRef = 839FAA3825489E4500D7E64A /* R.generated.swift */; };
		839FAA412548D8E100D7E64A /* BaseModel.swift in Sources */ = {isa = PBXBuildFile; fileRef = 839FAA402548D8E100D7E64A /* BaseModel.swift */; };
		839FAA442548D92300D7E64A /* Features.swift in Sources */ = {isa = PBXBuildFile; fileRef = 839FAA432548D92300D7E64A /* Features.swift */; };
		839FAA472548D94500D7E64A /* Geometry.swift in Sources */ = {isa = PBXBuildFile; fileRef = 839FAA462548D94500D7E64A /* Geometry.swift */; };
		839FAA4A2548D96800D7E64A /* Crs.swift in Sources */ = {isa = PBXBuildFile; fileRef = 839FAA492548D96800D7E64A /* Crs.swift */; };
		839FAA4D2548D98900D7E64A /* Properties.swift in Sources */ = {isa = PBXBuildFile; fileRef = 839FAA4C2548D98900D7E64A /* Properties.swift */; };
		FE3E198BBEF2688FF545BB3B /* Pods_iOS_NearBike.framework in Frameworks */ = {isa = PBXBuildFile; fileRef = 32E4BB17A9508D35FA1F4CC3 /* Pods_iOS_NearBike.framework */; };
/* End PBXBuildFile section */

/* Begin PBXFileReference section */
		32E4BB17A9508D35FA1F4CC3 /* Pods_iOS_NearBike.framework */ = {isa = PBXFileReference; explicitFileType = wrapper.framework; includeInIndex = 0; path = Pods_iOS_NearBike.framework; sourceTree = BUILT_PRODUCTS_DIR; };
		832EB0D0254753C60042A29E /* iOS-NearBike.app */ = {isa = PBXFileReference; explicitFileType = wrapper.application; includeInIndex = 0; path = "iOS-NearBike.app"; sourceTree = BUILT_PRODUCTS_DIR; };
		832EB0D3254753C60042A29E /* AppDelegate.swift */ = {isa = PBXFileReference; lastKnownFileType = sourcecode.swift; path = AppDelegate.swift; sourceTree = "<group>"; };
		832EB0D7254753C60042A29E /* MainViewController.swift */ = {isa = PBXFileReference; lastKnownFileType = sourcecode.swift; path = MainViewController.swift; sourceTree = "<group>"; };
		832EB0DA254753C60042A29E /* Base */ = {isa = PBXFileReference; lastKnownFileType = file.storyboard; name = Base; path = Base.lproj/MainViewController.storyboard; sourceTree = "<group>"; };
		832EB0DC254753C80042A29E /* Assets.xcassets */ = {isa = PBXFileReference; lastKnownFileType = folder.assetcatalog; path = Assets.xcassets; sourceTree = "<group>"; };
		832EB0DF254753C80042A29E /* Base */ = {isa = PBXFileReference; lastKnownFileType = file.storyboard; name = Base; path = Base.lproj/LaunchScreen.storyboard; sourceTree = "<group>"; };
		832EB0E1254753C80042A29E /* Info.plist */ = {isa = PBXFileReference; lastKnownFileType = text.plist.xml; path = Info.plist; sourceTree = "<group>"; };
		832EB0EA254764E10042A29E /* TableViewCell.xib */ = {isa = PBXFileReference; lastKnownFileType = file.xib; path = TableViewCell.xib; sourceTree = "<group>"; };
		832EB0EE254796830042A29E /* TableViewCell.swift */ = {isa = PBXFileReference; lastKnownFileType = sourcecode.swift; path = TableViewCell.swift; sourceTree = "<group>"; };
		83654752254A66A300DF4DB0 /* DetailsViewController.swift */ = {isa = PBXFileReference; lastKnownFileType = sourcecode.swift; path = DetailsViewController.swift; sourceTree = "<group>"; };
		83654755254A670700DF4DB0 /* DetailsViewController.storyboard */ = {isa = PBXFileReference; lastKnownFileType = file.storyboard; path = DetailsViewController.storyboard; sourceTree = "<group>"; };
		83654758254A68E800DF4DB0 /* TopBar.xib */ = {isa = PBXFileReference; lastKnownFileType = file.xib; path = TopBar.xib; sourceTree = "<group>"; };
		8365475B254A68F800DF4DB0 /* TopBar.swift */ = {isa = PBXFileReference; lastKnownFileType = sourcecode.swift; path = TopBar.swift; sourceTree = "<group>"; };
		839FAA3825489E4500D7E64A /* R.generated.swift */ = {isa = PBXFileReference; fileEncoding = 4; lastKnownFileType = sourcecode.swift; path = R.generated.swift; sourceTree = "<group>"; };
		839FAA402548D8E100D7E64A /* BaseModel.swift */ = {isa = PBXFileReference; lastKnownFileType = sourcecode.swift; path = BaseModel.swift; sourceTree = "<group>"; };
		839FAA432548D92300D7E64A /* Features.swift */ = {isa = PBXFileReference; lastKnownFileType = sourcecode.swift; path = Features.swift; sourceTree = "<group>"; };
		839FAA462548D94500D7E64A /* Geometry.swift */ = {isa = PBXFileReference; lastKnownFileType = sourcecode.swift; path = Geometry.swift; sourceTree = "<group>"; };
		839FAA492548D96800D7E64A /* Crs.swift */ = {isa = PBXFileReference; lastKnownFileType = sourcecode.swift; path = Crs.swift; sourceTree = "<group>"; };
		839FAA4C2548D98900D7E64A /* Properties.swift */ = {isa = PBXFileReference; lastKnownFileType = sourcecode.swift; path = Properties.swift; sourceTree = "<group>"; };
		B587C6843F750B745E1A60C3 /* Pods-iOS-NearBike.release.xcconfig */ = {isa = PBXFileReference; includeInIndex = 1; lastKnownFileType = text.xcconfig; name = "Pods-iOS-NearBike.release.xcconfig"; path = "Target Support Files/Pods-iOS-NearBike/Pods-iOS-NearBike.release.xcconfig"; sourceTree = "<group>"; };
		FEC7E4668024F8D008D70908 /* Pods-iOS-NearBike.debug.xcconfig */ = {isa = PBXFileReference; includeInIndex = 1; lastKnownFileType = text.xcconfig; name = "Pods-iOS-NearBike.debug.xcconfig"; path = "Target Support Files/Pods-iOS-NearBike/Pods-iOS-NearBike.debug.xcconfig"; sourceTree = "<group>"; };
/* End PBXFileReference section */

/* Begin PBXFrameworksBuildPhase section */
		832EB0CD254753C60042A29E /* Frameworks */ = {
			isa = PBXFrameworksBuildPhase;
			buildActionMask = 2147483647;
			files = (
				FE3E198BBEF2688FF545BB3B /* Pods_iOS_NearBike.framework in Frameworks */,
			);
			runOnlyForDeploymentPostprocessing = 0;
		};
/* End PBXFrameworksBuildPhase section */

/* Begin PBXGroup section */
		24D6655421DA1454A1FE740C /* Frameworks */ = {
			isa = PBXGroup;
			children = (
				32E4BB17A9508D35FA1F4CC3 /* Pods_iOS_NearBike.framework */,
			);
			name = Frameworks;
			sourceTree = "<group>";
		};
		7B9C6CF90AD75FE6DB6B8D66 /* Pods */ = {
			isa = PBXGroup;
			children = (
				FEC7E4668024F8D008D70908 /* Pods-iOS-NearBike.debug.xcconfig */,
				B587C6843F750B745E1A60C3 /* Pods-iOS-NearBike.release.xcconfig */,
			);
			path = Pods;
			sourceTree = "<group>";
		};
		832EB0C7254753C60042A29E = {
			isa = PBXGroup;
			children = (
				832EB0D2254753C60042A29E /* iOS-NearBike */,
				832EB0D1254753C60042A29E /* Products */,
				7B9C6CF90AD75FE6DB6B8D66 /* Pods */,
				24D6655421DA1454A1FE740C /* Frameworks */,
			);
			sourceTree = "<group>";
		};
		832EB0D1254753C60042A29E /* Products */ = {
			isa = PBXGroup;
			children = (
				832EB0D0254753C60042A29E /* iOS-NearBike.app */,
			);
			name = Products;
			sourceTree = "<group>";
		};
		832EB0D2254753C60042A29E /* iOS-NearBike */ = {
			isa = PBXGroup;
			children = (
				8368AD18254E1A5700FEF386 /* Model */,
				8368AD19254E1A6100FEF386 /* View */,
				8368AD1A254E1A6700FEF386 /* Controller */,
				839FAA3125489D1C00D7E64A /* Resources */,
				832EB0E1254753C80042A29E /* Info.plist */,
			);
			path = "iOS-NearBike";
			sourceTree = "<group>";
		};
		8368AD18254E1A5700FEF386 /* Model */ = {
			isa = PBXGroup;
			children = (
				839FAA3F2548D8BE00D7E64A /* Networking */,
			);
			path = Model;
			sourceTree = "<group>";
		};
		8368AD19254E1A6100FEF386 /* View */ = {
			isa = PBXGroup;
			children = (
				832EB0DE254753C80042A29E /* LaunchScreen.storyboard */,
				832EB0D9254753C60042A29E /* MainViewController.storyboard */,
				83654755254A670700DF4DB0 /* DetailsViewController.storyboard */,
				8368AD1B254E1A9500FEF386 /* Cells */,
			);
			path = View;
			sourceTree = "<group>";
		};
		8368AD1A254E1A6700FEF386 /* Controller */ = {
			isa = PBXGroup;
			children = (
				8365475B254A68F800DF4DB0 /* TopBar.swift */,
				832EB0EE254796830042A29E /* TableViewCell.swift */,
				83654752254A66A300DF4DB0 /* DetailsViewController.swift */,
				832EB0D7254753C60042A29E /* MainViewController.swift */,
			);
			path = Controller;
			sourceTree = "<group>";
		};
		8368AD1B254E1A9500FEF386 /* Cells */ = {
			isa = PBXGroup;
			children = (
				83654758254A68E800DF4DB0 /* TopBar.xib */,
				832EB0EA254764E10042A29E /* TableViewCell.xib */,
			);
			path = Cells;
			sourceTree = "<group>";
		};
		839FAA3125489D1C00D7E64A /* Resources */ = {
			isa = PBXGroup;
			children = (
				832EB0D3254753C60042A29E /* AppDelegate.swift */,
				832EB0DC254753C80042A29E /* Assets.xcassets */,
				839FAA3825489E4500D7E64A /* R.generated.swift */,
			);
			path = Resources;
			sourceTree = "<group>";
		};
		839FAA3F2548D8BE00D7E64A /* Networking */ = {
			isa = PBXGroup;
			children = (
				839FAA402548D8E100D7E64A /* BaseModel.swift */,
				839FAA492548D96800D7E64A /* Crs.swift */,
				839FAA432548D92300D7E64A /* Features.swift */,
				839FAA462548D94500D7E64A /* Geometry.swift */,
				839FAA4C2548D98900D7E64A /* Properties.swift */,
			);
			path = Networking;
			sourceTree = "<group>";
		};
/* End PBXGroup section */

/* Begin PBXNativeTarget section */
		832EB0CF254753C60042A29E /* iOS-NearBike */ = {
			isa = PBXNativeTarget;
			buildConfigurationList = 832EB0E4254753C80042A29E /* Build configuration list for PBXNativeTarget "iOS-NearBike" */;
			buildPhases = (
				95820B810C45ECC37E5D0F0C /* [CP] Check Pods Manifest.lock */,
				839FAA2A25489A4100D7E64A /* ShellScript */,
				832EB0CC254753C60042A29E /* Sources */,
				832EB0CD254753C60042A29E /* Frameworks */,
				832EB0CE254753C60042A29E /* Resources */,
				87D05AC984A1F9D6314B4E42 /* [CP] Embed Pods Frameworks */,
				8368ACC0254DE8C900FEF386 /* ShellScript */,
			);
			buildRules = (
			);
			dependencies = (
			);
			name = "iOS-NearBike";
			productName = "iOS-NearBike";
			productReference = 832EB0D0254753C60042A29E /* iOS-NearBike.app */;
			productType = "com.apple.product-type.application";
		};
/* End PBXNativeTarget section */

/* Begin PBXProject section */
		832EB0C8254753C60042A29E /* Project object */ = {
			isa = PBXProject;
			attributes = {
				LastSwiftUpdateCheck = 1200;
				LastUpgradeCheck = 1200;
				TargetAttributes = {
					832EB0CF254753C60042A29E = {
						CreatedOnToolsVersion = 12.0;
					};
				};
			};
			buildConfigurationList = 832EB0CB254753C60042A29E /* Build configuration list for PBXProject "iOS-NearBike" */;
			compatibilityVersion = "Xcode 9.3";
			developmentRegion = en;
			hasScannedForEncodings = 0;
			knownRegions = (
				en,
				Base,
			);
			mainGroup = 832EB0C7254753C60042A29E;
			productRefGroup = 832EB0D1254753C60042A29E /* Products */;
			projectDirPath = "";
			projectRoot = "";
			targets = (
				832EB0CF254753C60042A29E /* iOS-NearBike */,
			);
		};
/* End PBXProject section */

/* Begin PBXResourcesBuildPhase section */
		832EB0CE254753C60042A29E /* Resources */ = {
			isa = PBXResourcesBuildPhase;
			buildActionMask = 2147483647;
			files = (
				832EB0E0254753C80042A29E /* LaunchScreen.storyboard in Resources */,
				832EB0EB254764E10042A29E /* TableViewCell.xib in Resources */,
				832EB0DD254753C80042A29E /* Assets.xcassets in Resources */,
				83654759254A68E800DF4DB0 /* TopBar.xib in Resources */,
				83654756254A670700DF4DB0 /* DetailsViewController.storyboard in Resources */,
				832EB0DB254753C60042A29E /* MainViewController.storyboard in Resources */,
			);
			runOnlyForDeploymentPostprocessing = 0;
		};
/* End PBXResourcesBuildPhase section */

/* Begin PBXShellScriptBuildPhase section */
		8368ACC0254DE8C900FEF386 /* ShellScript */ = {
			isa = PBXShellScriptBuildPhase;
			buildActionMask = 2147483647;
			files = (
			);
			inputFileListPaths = (
			);
			inputPaths = (
			);
			outputFileListPaths = (
			);
			outputPaths = (
			);
			runOnlyForDeploymentPostprocessing = 0;
			shellPath = /bin/sh;
			shellScript = "if which \"${PODS_ROOT}/SwiftLint/swiftlint\" >/dev/null; then\n    ${PODS_ROOT}/SwiftLint/swiftlint\nelse\n    echo \"warning: SwiftLint not installed, download from https://github.com/realm/SwiftLint\"\nfi\n";
		};
		839FAA2A25489A4100D7E64A /* ShellScript */ = {
			isa = PBXShellScriptBuildPhase;
			buildActionMask = 2147483647;
			files = (
			);
			inputFileListPaths = (
			);
			inputPaths = (
				"$TEMP_DIR/rswift-lastrun",
			);
			outputFileListPaths = (
			);
			outputPaths = (
				"$SRCROOT/iOS-NearBike/Resources/R.generated.swift",
			);
			runOnlyForDeploymentPostprocessing = 0;
			shellPath = /bin/sh;
			shellScript = "\"$PODS_ROOT/R.swift/rswift\" generate \"$SRCROOT/iOS-NearBike/Resources/R.generated.swift\"\n";
		};
		87D05AC984A1F9D6314B4E42 /* [CP] Embed Pods Frameworks */ = {
			isa = PBXShellScriptBuildPhase;
			buildActionMask = 2147483647;
			files = (
			);
			inputFileListPaths = (
				"${PODS_ROOT}/Target Support Files/Pods-iOS-NearBike/Pods-iOS-NearBike-frameworks-${CONFIGURATION}-input-files.xcfilelist",
			);
			name = "[CP] Embed Pods Frameworks";
			outputFileListPaths = (
				"${PODS_ROOT}/Target Support Files/Pods-iOS-NearBike/Pods-iOS-NearBike-frameworks-${CONFIGURATION}-output-files.xcfilelist",
			);
			runOnlyForDeploymentPostprocessing = 0;
			shellPath = /bin/sh;
			shellScript = "\"${PODS_ROOT}/Target Support Files/Pods-iOS-NearBike/Pods-iOS-NearBike-frameworks.sh\"\n";
			showEnvVarsInLog = 0;
		};
		95820B810C45ECC37E5D0F0C /* [CP] Check Pods Manifest.lock */ = {
			isa = PBXShellScriptBuildPhase;
			buildActionMask = 2147483647;
			files = (
			);
			inputFileListPaths = (
			);
			inputPaths = (
				"${PODS_PODFILE_DIR_PATH}/Podfile.lock",
				"${PODS_ROOT}/Manifest.lock",
			);
			name = "[CP] Check Pods Manifest.lock";
			outputFileListPaths = (
			);
			outputPaths = (
				"$(DERIVED_FILE_DIR)/Pods-iOS-NearBike-checkManifestLockResult.txt",
			);
			runOnlyForDeploymentPostprocessing = 0;
			shellPath = /bin/sh;
			shellScript = "diff \"${PODS_PODFILE_DIR_PATH}/Podfile.lock\" \"${PODS_ROOT}/Manifest.lock\" > /dev/null\nif [ $? != 0 ] ; then\n    # print error to STDERR\n    echo \"error: The sandbox is not in sync with the Podfile.lock. Run 'pod install' or update your CocoaPods installation.\" >&2\n    exit 1\nfi\n# This output is used by Xcode 'outputs' to avoid re-running this script phase.\necho \"SUCCESS\" > \"${SCRIPT_OUTPUT_FILE_0}\"\n";
			showEnvVarsInLog = 0;
		};
/* End PBXShellScriptBuildPhase section */

/* Begin PBXSourcesBuildPhase section */
		832EB0CC254753C60042A29E /* Sources */ = {
			isa = PBXSourcesBuildPhase;
			buildActionMask = 2147483647;
			files = (
				839FAA4D2548D98900D7E64A /* Properties.swift in Sources */,
				839FAA442548D92300D7E64A /* Features.swift in Sources */,
				839FAA472548D94500D7E64A /* Geometry.swift in Sources */,
				832EB0EF254796830042A29E /* TableViewCell.swift in Sources */,
				8365475C254A68F800DF4DB0 /* TopBar.swift in Sources */,
				832EB0D8254753C60042A29E /* MainViewController.swift in Sources */,
				839FAA4A2548D96800D7E64A /* Crs.swift in Sources */,
				832EB0D4254753C60042A29E /* AppDelegate.swift in Sources */,
				839FAA3925489E4500D7E64A /* R.generated.swift in Sources */,
				839FAA412548D8E100D7E64A /* BaseModel.swift in Sources */,
				83654753254A66A300DF4DB0 /* DetailsViewController.swift in Sources */,
			);
			runOnlyForDeploymentPostprocessing = 0;
		};
/* End PBXSourcesBuildPhase section */

/* Begin PBXVariantGroup section */
		832EB0D9254753C60042A29E /* MainViewController.storyboard */ = {
			isa = PBXVariantGroup;
			children = (
				832EB0DA254753C60042A29E /* Base */,
			);
			name = MainViewController.storyboard;
			sourceTree = "<group>";
		};
		832EB0DE254753C80042A29E /* LaunchScreen.storyboard */ = {
			isa = PBXVariantGroup;
			children = (
				832EB0DF254753C80042A29E /* Base */,
			);
			name = LaunchScreen.storyboard;
			sourceTree = "<group>";
		};
/* End PBXVariantGroup section */

/* Begin XCBuildConfiguration section */
		832EB0E2254753C80042A29E /* Debug */ = {
			isa = XCBuildConfiguration;
			buildSettings = {
				ALWAYS_SEARCH_USER_PATHS = NO;
				CLANG_ANALYZER_NONNULL = YES;
				CLANG_ANALYZER_NUMBER_OBJECT_CONVERSION = YES_AGGRESSIVE;
				CLANG_CXX_LANGUAGE_STANDARD = "gnu++14";
				CLANG_CXX_LIBRARY = "libc++";
				CLANG_ENABLE_MODULES = YES;
				CLANG_ENABLE_OBJC_ARC = YES;
				CLANG_ENABLE_OBJC_WEAK = YES;
				CLANG_WARN_BLOCK_CAPTURE_AUTORELEASING = YES;
				CLANG_WARN_BOOL_CONVERSION = YES;
				CLANG_WARN_COMMA = YES;
				CLANG_WARN_CONSTANT_CONVERSION = YES;
				CLANG_WARN_DEPRECATED_OBJC_IMPLEMENTATIONS = YES;
				CLANG_WARN_DIRECT_OBJC_ISA_USAGE = YES_ERROR;
				CLANG_WARN_DOCUMENTATION_COMMENTS = YES;
				CLANG_WARN_EMPTY_BODY = YES;
				CLANG_WARN_ENUM_CONVERSION = YES;
				CLANG_WARN_INFINITE_RECURSION = YES;
				CLANG_WARN_INT_CONVERSION = YES;
				CLANG_WARN_NON_LITERAL_NULL_CONVERSION = YES;
				CLANG_WARN_OBJC_IMPLICIT_RETAIN_SELF = YES;
				CLANG_WARN_OBJC_LITERAL_CONVERSION = YES;
				CLANG_WARN_OBJC_ROOT_CLASS = YES_ERROR;
				CLANG_WARN_QUOTED_INCLUDE_IN_FRAMEWORK_HEADER = YES;
				CLANG_WARN_RANGE_LOOP_ANALYSIS = YES;
				CLANG_WARN_STRICT_PROTOTYPES = YES;
				CLANG_WARN_SUSPICIOUS_MOVE = YES;
				CLANG_WARN_UNGUARDED_AVAILABILITY = YES_AGGRESSIVE;
				CLANG_WARN_UNREACHABLE_CODE = YES;
				CLANG_WARN__DUPLICATE_METHOD_MATCH = YES;
				COPY_PHASE_STRIP = NO;
				DEBUG_INFORMATION_FORMAT = dwarf;
				ENABLE_STRICT_OBJC_MSGSEND = YES;
				ENABLE_TESTABILITY = YES;
				GCC_C_LANGUAGE_STANDARD = gnu11;
				GCC_DYNAMIC_NO_PIC = NO;
				GCC_NO_COMMON_BLOCKS = YES;
				GCC_OPTIMIZATION_LEVEL = 0;
				GCC_PREPROCESSOR_DEFINITIONS = (
					"DEBUG=1",
					"$(inherited)",
				);
				GCC_WARN_64_TO_32_BIT_CONVERSION = YES;
				GCC_WARN_ABOUT_RETURN_TYPE = YES_ERROR;
				GCC_WARN_UNDECLARED_SELECTOR = YES;
				GCC_WARN_UNINITIALIZED_AUTOS = YES_AGGRESSIVE;
				GCC_WARN_UNUSED_FUNCTION = YES;
				GCC_WARN_UNUSED_VARIABLE = YES;
				IPHONEOS_DEPLOYMENT_TARGET = 11.0;
				MTL_ENABLE_DEBUG_INFO = INCLUDE_SOURCE;
				MTL_FAST_MATH = YES;
				ONLY_ACTIVE_ARCH = YES;
				SDKROOT = iphoneos;
				SWIFT_ACTIVE_COMPILATION_CONDITIONS = DEBUG;
				SWIFT_OPTIMIZATION_LEVEL = "-Onone";
			};
			name = Debug;
		};
		832EB0E3254753C80042A29E /* Release */ = {
			isa = XCBuildConfiguration;
			buildSettings = {
				ALWAYS_SEARCH_USER_PATHS = NO;
				CLANG_ANALYZER_NONNULL = YES;
				CLANG_ANALYZER_NUMBER_OBJECT_CONVERSION = YES_AGGRESSIVE;
				CLANG_CXX_LANGUAGE_STANDARD = "gnu++14";
				CLANG_CXX_LIBRARY = "libc++";
				CLANG_ENABLE_MODULES = YES;
				CLANG_ENABLE_OBJC_ARC = YES;
				CLANG_ENABLE_OBJC_WEAK = YES;
				CLANG_WARN_BLOCK_CAPTURE_AUTORELEASING = YES;
				CLANG_WARN_BOOL_CONVERSION = YES;
				CLANG_WARN_COMMA = YES;
				CLANG_WARN_CONSTANT_CONVERSION = YES;
				CLANG_WARN_DEPRECATED_OBJC_IMPLEMENTATIONS = YES;
				CLANG_WARN_DIRECT_OBJC_ISA_USAGE = YES_ERROR;
				CLANG_WARN_DOCUMENTATION_COMMENTS = YES;
				CLANG_WARN_EMPTY_BODY = YES;
				CLANG_WARN_ENUM_CONVERSION = YES;
				CLANG_WARN_INFINITE_RECURSION = YES;
				CLANG_WARN_INT_CONVERSION = YES;
				CLANG_WARN_NON_LITERAL_NULL_CONVERSION = YES;
				CLANG_WARN_OBJC_IMPLICIT_RETAIN_SELF = YES;
				CLANG_WARN_OBJC_LITERAL_CONVERSION = YES;
				CLANG_WARN_OBJC_ROOT_CLASS = YES_ERROR;
				CLANG_WARN_QUOTED_INCLUDE_IN_FRAMEWORK_HEADER = YES;
				CLANG_WARN_RANGE_LOOP_ANALYSIS = YES;
				CLANG_WARN_STRICT_PROTOTYPES = YES;
				CLANG_WARN_SUSPICIOUS_MOVE = YES;
				CLANG_WARN_UNGUARDED_AVAILABILITY = YES_AGGRESSIVE;
				CLANG_WARN_UNREACHABLE_CODE = YES;
				CLANG_WARN__DUPLICATE_METHOD_MATCH = YES;
				COPY_PHASE_STRIP = NO;
				DEBUG_INFORMATION_FORMAT = "dwarf-with-dsym";
				ENABLE_NS_ASSERTIONS = NO;
				ENABLE_STRICT_OBJC_MSGSEND = YES;
				GCC_C_LANGUAGE_STANDARD = gnu11;
				GCC_NO_COMMON_BLOCKS = YES;
				GCC_WARN_64_TO_32_BIT_CONVERSION = YES;
				GCC_WARN_ABOUT_RETURN_TYPE = YES_ERROR;
				GCC_WARN_UNDECLARED_SELECTOR = YES;
				GCC_WARN_UNINITIALIZED_AUTOS = YES_AGGRESSIVE;
				GCC_WARN_UNUSED_FUNCTION = YES;
				GCC_WARN_UNUSED_VARIABLE = YES;
				IPHONEOS_DEPLOYMENT_TARGET = 11.0;
				MTL_ENABLE_DEBUG_INFO = NO;
				MTL_FAST_MATH = YES;
				SDKROOT = iphoneos;
				SWIFT_COMPILATION_MODE = wholemodule;
				SWIFT_OPTIMIZATION_LEVEL = "-O";
				VALIDATE_PRODUCT = YES;
			};
			name = Release;
		};
		832EB0E5254753C80042A29E /* Debug */ = {
			isa = XCBuildConfiguration;
			baseConfigurationReference = FEC7E4668024F8D008D70908 /* Pods-iOS-NearBike.debug.xcconfig */;
			buildSettings = {
				ASSETCATALOG_COMPILER_APPICON_NAME = AppIcon;
				ASSETCATALOG_COMPILER_GLOBAL_ACCENT_COLOR_NAME = AccentColor;
				CODE_SIGN_STYLE = Automatic;
				DEVELOPMENT_TEAM = D7Q23DCGQX;
				INFOPLIST_FILE = "iOS-NearBike/Info.plist";
				LD_RUNPATH_SEARCH_PATHS = (
					"$(inherited)",
					"@executable_path/Frameworks",
				);
				PRODUCT_BUNDLE_IDENTIFIER = "cm.iOS-NearBike";
				PRODUCT_NAME = "$(TARGET_NAME)";
				SWIFT_VERSION = 5.0;
				TARGETED_DEVICE_FAMILY = "1,2";
			};
			name = Debug;
		};
		832EB0E6254753C80042A29E /* Release */ = {
			isa = XCBuildConfiguration;
			baseConfigurationReference = B587C6843F750B745E1A60C3 /* Pods-iOS-NearBike.release.xcconfig */;
			buildSettings = {
				ASSETCATALOG_COMPILER_APPICON_NAME = AppIcon;
				ASSETCATALOG_COMPILER_GLOBAL_ACCENT_COLOR_NAME = AccentColor;
				CODE_SIGN_STYLE = Automatic;
				DEVELOPMENT_TEAM = D7Q23DCGQX;
				INFOPLIST_FILE = "iOS-NearBike/Info.plist";
				LD_RUNPATH_SEARCH_PATHS = (
					"$(inherited)",
					"@executable_path/Frameworks",
				);
				PRODUCT_BUNDLE_IDENTIFIER = "cm.iOS-NearBike";
				PRODUCT_NAME = "$(TARGET_NAME)";
				SWIFT_VERSION = 5.0;
				TARGETED_DEVICE_FAMILY = "1,2";
			};
			name = Release;
		};
/* End XCBuildConfiguration section */

/* Begin XCConfigurationList section */
		832EB0CB254753C60042A29E /* Build configuration list for PBXProject "iOS-NearBike" */ = {
			isa = XCConfigurationList;
			buildConfigurations = (
				832EB0E2254753C80042A29E /* Debug */,
				832EB0E3254753C80042A29E /* Release */,
			);
			defaultConfigurationIsVisible = 0;
			defaultConfigurationName = Release;
		};
		832EB0E4254753C80042A29E /* Build configuration list for PBXNativeTarget "iOS-NearBike" */ = {
			isa = XCConfigurationList;
			buildConfigurations = (
				832EB0E5254753C80042A29E /* Debug */,
				832EB0E6254753C80042A29E /* Release */,
			);
			defaultConfigurationIsVisible = 0;
			defaultConfigurationName = Release;
		};
/* End XCConfigurationList section */
	};
	rootObject = 832EB0C8254753C60042A29E /* Project object */;
}
